
Microsoft Visual Studio Solution File, Format Version 12.00
# Visual Studio Version 16
VisualStudioVersion = 16.0.30804.86
MinimumVisualStudioVersion = 10.0.40219.1
Project("{FAE04EC0-301F-11D3-BF4B-00C04F79EFBC}") = "ClassMetotDemo", "ClassMetotDemo\ClassMetotDemo.csproj", "{31DA0996-D591-4A9B-B4B4-9B039CDE130A}"
EndProject
Global
	GlobalSection(SolutionConfigurationPlatforms) = preSolution
		Debug|Any CPU = Debug|Any CPU
		Release|Any CPU = Release|Any CPU
	EndGlobalSection
	GlobalSection(ProjectConfigurationPlatforms) = postSolution
		{31DA0996-D591-4A9B-B4B4-9B039CDE130A}.Debug|Any CPU.ActiveCfg = Debug|Any CPU
		{31DA0996-D591-4A9B-B4B4-9B039CDE130A}.Debug|Any CPU.Build.0 = Debug|Any CPU
		{31DA0996-D591-4A9B-B4B4-9B039CDE130A}.Release|Any CPU.ActiveCfg = Release|Any CPU
		{31DA0996-D591-4A9B-B4B4-9B039CDE130A}.Release|Any CPU.Build.0 = Release|Any CPU
	EndGlobalSection
	GlobalSection(SolutionProperties) = preSolution
		HideSolutionNode = FALSE
	EndGlobalSection
	GlobalSection(ExtensibilityGlobals) = postSolution
		SolutionGuid = {33A3CCC6-FF9A-4E51-8785-D1DE33D9468A}
	EndGlobalSection
EndGlobal
